
Microsoft Visual Studio Solution File, Format Version 12.00
# Visual Studio Version 16
VisualStudioVersion = 16.0.30503.244
MinimumVisualStudioVersion = 10.0.40219.1
Project("{FAE04EC0-301F-11D3-BF4B-00C04F79EFBC}") = "WindowsFormTicTacToe", "WindowsFormTicTacToe.csproj", "{8731AEB7-A3F2-4EAD-B95D-3A2805AC6928}"
EndProject
Global
	GlobalSection(SolutionConfigurationPlatforms) = preSolution
		Debug|Any CPU = Debug|Any CPU
		Release|Any CPU = Release|Any CPU
	EndGlobalSection
	GlobalSection(ProjectConfigurationPlatforms) = postSolution
		{8731AEB7-A3F2-4EAD-B95D-3A2805AC6928}.Debug|Any CPU.ActiveCfg = Debug|Any CPU
		{8731AEB7-A3F2-4EAD-B95D-3A2805AC6928}.Debug|Any CPU.Build.0 = Debug|Any CPU
		{8731AEB7-A3F2-4EAD-B95D-3A2805AC6928}.Release|Any CPU.ActiveCfg = Release|Any CPU
		{8731AEB7-A3F2-4EAD-B95D-3A2805AC6928}.Release|Any CPU.Build.0 = Release|Any CPU
	EndGlobalSection
	GlobalSection(SolutionProperties) = preSolution
		HideSolutionNode = FALSE
	EndGlobalSection
	GlobalSection(ExtensibilityGlobals) = postSolution
		SolutionGuid = {5536656C-4FE1-484C-B872-C0EC9F69BAB5}
	EndGlobalSection
EndGlobal
